// !$*UTF8*$!
{
	archiveVersion = 1;
	classes = {
	};
	objectVersion = 55;
	objects = {

/* Begin PBXBuildFile section */
		1A0255CA283A31C400BBB521 /* AppDelegate.swift in Sources */ = {isa = PBXBuildFile; fileRef = 1A0255C9283A31C400BBB521 /* AppDelegate.swift */; };
		1A0255CC283A31C400BBB521 /* SceneDelegate.swift in Sources */ = {isa = PBXBuildFile; fileRef = 1A0255CB283A31C400BBB521 /* SceneDelegate.swift */; };
		1A0255CE283A31C400BBB521 /* RestaurantListViewController.swift in Sources */ = {isa = PBXBuildFile; fileRef = 1A0255CD283A31C400BBB521 /* RestaurantListViewController.swift */; };
		1A0255D1283A31C400BBB521 /* Main.storyboard in Resources */ = {isa = PBXBuildFile; fileRef = 1A0255CF283A31C400BBB521 /* Main.storyboard */; };
		1A0255D3283A31C600BBB521 /* Assets.xcassets in Resources */ = {isa = PBXBuildFile; fileRef = 1A0255D2283A31C600BBB521 /* Assets.xcassets */; };
		1A0255D6283A31C600BBB521 /* LaunchScreen.storyboard in Resources */ = {isa = PBXBuildFile; fileRef = 1A0255D4283A31C600BBB521 /* LaunchScreen.storyboard */; };
		1A0255EB283A31C600BBB521 /* JustEatUITests.swift in Sources */ = {isa = PBXBuildFile; fileRef = 1A0255EA283A31C600BBB521 /* JustEatUITests.swift */; };
		1A0255ED283A31C600BBB521 /* JustEatUITestsLaunchTests.swift in Sources */ = {isa = PBXBuildFile; fileRef = 1A0255EC283A31C600BBB521 /* JustEatUITestsLaunchTests.swift */; };
		1A0255FB283A481E00BBB521 /* Endpoint.swift in Sources */ = {isa = PBXBuildFile; fileRef = 1A0255FA283A481E00BBB521 /* Endpoint.swift */; };
		1A0255FE283A489000BBB521 /* JustEatEndpoint.swift in Sources */ = {isa = PBXBuildFile; fileRef = 1A0255FD283A489000BBB521 /* JustEatEndpoint.swift */; };
		1A025604283A516400BBB521 /* NetworkManager.swift in Sources */ = {isa = PBXBuildFile; fileRef = 1A025603283A516400BBB521 /* NetworkManager.swift */; };
		1A025606283A5C2700BBB521 /* HttpMethod.swift in Sources */ = {isa = PBXBuildFile; fileRef = 1A025605283A5C2700BBB521 /* HttpMethod.swift */; };
		1A02560B283A5DEA00BBB521 /* SearchByPostcode-ec4m.json in Resources */ = {isa = PBXBuildFile; fileRef = 1A02560A283A5DEA00BBB521 /* SearchByPostcode-ec4m.json */; };
		1A02560E283A60C100BBB521 /* MockNetworkManager.swift in Sources */ = {isa = PBXBuildFile; fileRef = 1A02560D283A60C100BBB521 /* MockNetworkManager.swift */; };
		1A025612283A640700BBB521 /* MockURLProtocol.swift in Sources */ = {isa = PBXBuildFile; fileRef = 1A025611283A640700BBB521 /* MockURLProtocol.swift */; };
		1A025616283A646C00BBB521 /* RestaurantListViewModel.swift in Sources */ = {isa = PBXBuildFile; fileRef = 1A025615283A646C00BBB521 /* RestaurantListViewModel.swift */; };
		1A025618283A64BB00BBB521 /* Observable.swift in Sources */ = {isa = PBXBuildFile; fileRef = 1A025617283A64BB00BBB521 /* Observable.swift */; };
		1A02561E283A6B4600BBB521 /* RestaurantNetworkService.swift in Sources */ = {isa = PBXBuildFile; fileRef = 1A02561D283A6B4600BBB521 /* RestaurantNetworkService.swift */; };
		1A025622283A726300BBB521 /* Restaurant.swift in Sources */ = {isa = PBXBuildFile; fileRef = 1A025621283A726300BBB521 /* Restaurant.swift */; };
		1A73656E283A9A4C00425B94 /* RestaurantListCell.swift in Sources */ = {isa = PBXBuildFile; fileRef = 1A73656D283A9A4C00425B94 /* RestaurantListCell.swift */; };
		1A736571283AD84E00425B94 /* MockURLProtocol.swift in Sources */ = {isa = PBXBuildFile; fileRef = 1A025611283A640700BBB521 /* MockURLProtocol.swift */; };
		1ACE598128436FF400A102C1 /* RestaurantListViewModelProtocol.swift in Sources */ = {isa = PBXBuildFile; fileRef = 1ACE598028436FF400A102C1 /* RestaurantListViewModelProtocol.swift */; };
		1ACE5984284371D900A102C1 /* RestaurantList.swift in Sources */ = {isa = PBXBuildFile; fileRef = 1ACE5983284371D900A102C1 /* RestaurantList.swift */; };
		1ACE59872843730E00A102C1 /* SDWebImage in Frameworks */ = {isa = PBXBuildFile; productRef = 1ACE59862843730E00A102C1 /* SDWebImage */; };
		1ACE598A2843A8D900A102C1 /* CuisineType.swift in Sources */ = {isa = PBXBuildFile; fileRef = 1ACE59892843A8D900A102C1 /* CuisineType.swift */; };
		1ACE598C2843AA5100A102C1 /* RestaurantListVMTests.swift in Sources */ = {isa = PBXBuildFile; fileRef = 1ACE598B2843AA5100A102C1 /* RestaurantListVMTests.swift */; };
		1ACE598E2843BEF600A102C1 /* EmptyPostcode.json in Resources */ = {isa = PBXBuildFile; fileRef = 1ACE598D2843BEF600A102C1 /* EmptyPostcode.json */; };
		1ACE59902843CC6D00A102C1 /* SearchResultError.json in Resources */ = {isa = PBXBuildFile; fileRef = 1ACE598F2843CC6D00A102C1 /* SearchResultError.json */; };
		1ACE59922843E85400A102C1 /* RestaurantListVCTests.swift in Sources */ = {isa = PBXBuildFile; fileRef = 1ACE59912843E85400A102C1 /* RestaurantListVCTests.swift */; };
		1ACE59982843FAD000A102C1 /* NetworkLogger.swift in Sources */ = {isa = PBXBuildFile; fileRef = 1ACE59972843FAD000A102C1 /* NetworkLogger.swift */; };
		1ACE599A2843FB3400A102C1 /* NetworkError.swift in Sources */ = {isa = PBXBuildFile; fileRef = 1ACE59992843FB3400A102C1 /* NetworkError.swift */; };
		1ACE599C2843FF1300A102C1 /* RestaurantListVCIntegrationTest.swift in Sources */ = {isa = PBXBuildFile; fileRef = 1ACE599B2843FF1300A102C1 /* RestaurantListVCIntegrationTest.swift */; };
		1ACE599F284411D600A102C1 /* README.md in Resources */ = {isa = PBXBuildFile; fileRef = 1ACE599D284411D600A102C1 /* README.md */; };
		1ACE59A0284411D600A102C1 /* Answers to technical questions.md in Resources */ = {isa = PBXBuildFile; fileRef = 1ACE599E284411D600A102C1 /* Answers to technical questions.md */; };
/* End PBXBuildFile section */

/* Begin PBXContainerItemProxy section */
		1A0255DD283A31C600BBB521 /* PBXContainerItemProxy */ = {
			isa = PBXContainerItemProxy;
			containerPortal = 1A0255BE283A31C400BBB521 /* Project object */;
			proxyType = 1;
			remoteGlobalIDString = 1A0255C5283A31C400BBB521;
			remoteInfo = JustEat;
		};
		1A0255E7283A31C600BBB521 /* PBXContainerItemProxy */ = {
			isa = PBXContainerItemProxy;
			containerPortal = 1A0255BE283A31C400BBB521 /* Project object */;
			proxyType = 1;
			remoteGlobalIDString = 1A0255C5283A31C400BBB521;
			remoteInfo = JustEat;
		};
/* End PBXContainerItemProxy section */

/* Begin PBXFileReference section */
		1A0255C6283A31C400BBB521 /* JustEat.app */ = {isa = PBXFileReference; explicitFileType = wrapper.application; includeInIndex = 0; path = JustEat.app; sourceTree = BUILT_PRODUCTS_DIR; };
		1A0255C9283A31C400BBB521 /* AppDelegate.swift */ = {isa = PBXFileReference; lastKnownFileType = sourcecode.swift; path = AppDelegate.swift; sourceTree = "<group>"; };
		1A0255CB283A31C400BBB521 /* SceneDelegate.swift */ = {isa = PBXFileReference; lastKnownFileType = sourcecode.swift; path = SceneDelegate.swift; sourceTree = "<group>"; };
		1A0255CD283A31C400BBB521 /* RestaurantListViewController.swift */ = {isa = PBXFileReference; lastKnownFileType = sourcecode.swift; path = RestaurantListViewController.swift; sourceTree = "<group>"; };
		1A0255D0283A31C400BBB521 /* Base */ = {isa = PBXFileReference; lastKnownFileType = file.storyboard; name = Base; path = Base.lproj/Main.storyboard; sourceTree = "<group>"; };
		1A0255D2283A31C600BBB521 /* Assets.xcassets */ = {isa = PBXFileReference; lastKnownFileType = folder.assetcatalog; path = Assets.xcassets; sourceTree = "<group>"; };
		1A0255D5283A31C600BBB521 /* Base */ = {isa = PBXFileReference; lastKnownFileType = file.storyboard; name = Base; path = Base.lproj/LaunchScreen.storyboard; sourceTree = "<group>"; };
		1A0255D7283A31C600BBB521 /* Info.plist */ = {isa = PBXFileReference; lastKnownFileType = text.plist.xml; path = Info.plist; sourceTree = "<group>"; };
		1A0255DC283A31C600BBB521 /* JustEatTests.xctest */ = {isa = PBXFileReference; explicitFileType = wrapper.cfbundle; includeInIndex = 0; path = JustEatTests.xctest; sourceTree = BUILT_PRODUCTS_DIR; };
		1A0255E6283A31C600BBB521 /* JustEatUITests.xctest */ = {isa = PBXFileReference; explicitFileType = wrapper.cfbundle; includeInIndex = 0; path = JustEatUITests.xctest; sourceTree = BUILT_PRODUCTS_DIR; };
		1A0255EA283A31C600BBB521 /* JustEatUITests.swift */ = {isa = PBXFileReference; lastKnownFileType = sourcecode.swift; path = JustEatUITests.swift; sourceTree = "<group>"; };
		1A0255EC283A31C600BBB521 /* JustEatUITestsLaunchTests.swift */ = {isa = PBXFileReference; lastKnownFileType = sourcecode.swift; path = JustEatUITestsLaunchTests.swift; sourceTree = "<group>"; };
		1A0255FA283A481E00BBB521 /* Endpoint.swift */ = {isa = PBXFileReference; lastKnownFileType = sourcecode.swift; path = Endpoint.swift; sourceTree = "<group>"; };
		1A0255FD283A489000BBB521 /* JustEatEndpoint.swift */ = {isa = PBXFileReference; lastKnownFileType = sourcecode.swift; path = JustEatEndpoint.swift; sourceTree = "<group>"; };
		1A025603283A516400BBB521 /* NetworkManager.swift */ = {isa = PBXFileReference; lastKnownFileType = sourcecode.swift; path = NetworkManager.swift; sourceTree = "<group>"; };
		1A025605283A5C2700BBB521 /* HttpMethod.swift */ = {isa = PBXFileReference; lastKnownFileType = sourcecode.swift; path = HttpMethod.swift; sourceTree = "<group>"; };
		1A02560A283A5DEA00BBB521 /* SearchByPostcode-ec4m.json */ = {isa = PBXFileReference; lastKnownFileType = text.json; path = "SearchByPostcode-ec4m.json"; sourceTree = "<group>"; };
		1A02560D283A60C100BBB521 /* MockNetworkManager.swift */ = {isa = PBXFileReference; lastKnownFileType = sourcecode.swift; path = MockNetworkManager.swift; sourceTree = "<group>"; };
		1A025611283A640700BBB521 /* MockURLProtocol.swift */ = {isa = PBXFileReference; lastKnownFileType = sourcecode.swift; path = MockURLProtocol.swift; sourceTree = "<group>"; };
		1A025615283A646C00BBB521 /* RestaurantListViewModel.swift */ = {isa = PBXFileReference; lastKnownFileType = sourcecode.swift; path = RestaurantListViewModel.swift; sourceTree = "<group>"; };
		1A025617283A64BB00BBB521 /* Observable.swift */ = {isa = PBXFileReference; lastKnownFileType = sourcecode.swift; path = Observable.swift; sourceTree = "<group>"; };
		1A02561D283A6B4600BBB521 /* RestaurantNetworkService.swift */ = {isa = PBXFileReference; lastKnownFileType = sourcecode.swift; path = RestaurantNetworkService.swift; sourceTree = "<group>"; };
		1A025621283A726300BBB521 /* Restaurant.swift */ = {isa = PBXFileReference; lastKnownFileType = sourcecode.swift; path = Restaurant.swift; sourceTree = "<group>"; };
		1A73656D283A9A4C00425B94 /* RestaurantListCell.swift */ = {isa = PBXFileReference; lastKnownFileType = sourcecode.swift; path = RestaurantListCell.swift; sourceTree = "<group>"; };
		1ACE598028436FF400A102C1 /* RestaurantListViewModelProtocol.swift */ = {isa = PBXFileReference; lastKnownFileType = sourcecode.swift; path = RestaurantListViewModelProtocol.swift; sourceTree = "<group>"; };
		1ACE5983284371D900A102C1 /* RestaurantList.swift */ = {isa = PBXFileReference; lastKnownFileType = sourcecode.swift; path = RestaurantList.swift; sourceTree = "<group>"; };
		1ACE59892843A8D900A102C1 /* CuisineType.swift */ = {isa = PBXFileReference; lastKnownFileType = sourcecode.swift; path = CuisineType.swift; sourceTree = "<group>"; };
		1ACE598B2843AA5100A102C1 /* RestaurantListVMTests.swift */ = {isa = PBXFileReference; lastKnownFileType = sourcecode.swift; path = RestaurantListVMTests.swift; sourceTree = "<group>"; };
		1ACE598D2843BEF600A102C1 /* EmptyPostcode.json */ = {isa = PBXFileReference; lastKnownFileType = text.json; path = EmptyPostcode.json; sourceTree = "<group>"; };
		1ACE598F2843CC6D00A102C1 /* SearchResultError.json */ = {isa = PBXFileReference; lastKnownFileType = text.json; path = SearchResultError.json; sourceTree = "<group>"; };
		1ACE59912843E85400A102C1 /* RestaurantListVCTests.swift */ = {isa = PBXFileReference; lastKnownFileType = sourcecode.swift; path = RestaurantListVCTests.swift; sourceTree = "<group>"; };
		1ACE59972843FAD000A102C1 /* NetworkLogger.swift */ = {isa = PBXFileReference; lastKnownFileType = sourcecode.swift; path = NetworkLogger.swift; sourceTree = "<group>"; };
		1ACE59992843FB3400A102C1 /* NetworkError.swift */ = {isa = PBXFileReference; lastKnownFileType = sourcecode.swift; path = NetworkError.swift; sourceTree = "<group>"; };
		1ACE599B2843FF1300A102C1 /* RestaurantListVCIntegrationTest.swift */ = {isa = PBXFileReference; lastKnownFileType = sourcecode.swift; path = RestaurantListVCIntegrationTest.swift; sourceTree = "<group>"; };
		1ACE599D284411D600A102C1 /* README.md */ = {isa = PBXFileReference; fileEncoding = 4; lastKnownFileType = net.daringfireball.markdown; path = README.md; sourceTree = SOURCE_ROOT; };
		1ACE599E284411D600A102C1 /* Answers to technical questions.md */ = {isa = PBXFileReference; fileEncoding = 4; lastKnownFileType = net.daringfireball.markdown; path = "Answers to technical questions.md"; sourceTree = SOURCE_ROOT; };
/* End PBXFileReference section */

/* Begin PBXFrameworksBuildPhase section */
		1A0255C3283A31C400BBB521 /* Frameworks */ = {
			isa = PBXFrameworksBuildPhase;
			buildActionMask = 2147483647;
			files = (
				1ACE59872843730E00A102C1 /* SDWebImage in Frameworks */,
			);
			runOnlyForDeploymentPostprocessing = 0;
		};
		1A0255D9283A31C600BBB521 /* Frameworks */ = {
			isa = PBXFrameworksBuildPhase;
			buildActionMask = 2147483647;
			files = (
			);
			runOnlyForDeploymentPostprocessing = 0;
		};
		1A0255E3283A31C600BBB521 /* Frameworks */ = {
			isa = PBXFrameworksBuildPhase;
			buildActionMask = 2147483647;
			files = (
			);
			runOnlyForDeploymentPostprocessing = 0;
		};
/* End PBXFrameworksBuildPhase section */

/* Begin PBXGroup section */
		1A0255BD283A31C400BBB521 = {
			isa = PBXGroup;
			children = (
				1A0255C8283A31C400BBB521 /* JustEat */,
				1A0255DF283A31C600BBB521 /* JustEatTests */,
				1A0255E9283A31C600BBB521 /* JustEatUITests */,
				1A0255C7283A31C400BBB521 /* Products */,
			);
			sourceTree = "<group>";
		};
		1A0255C7283A31C400BBB521 /* Products */ = {
			isa = PBXGroup;
			children = (
				1A0255C6283A31C400BBB521 /* JustEat.app */,
				1A0255DC283A31C600BBB521 /* JustEatTests.xctest */,
				1A0255E6283A31C600BBB521 /* JustEatUITests.xctest */,
			);
			name = Products;
			sourceTree = "<group>";
		};
		1A0255C8283A31C400BBB521 /* JustEat */ = {
			isa = PBXGroup;
			children = (
				1A025613283A643B00BBB521 /* Home */,
				1A0255F9283A32FC00BBB521 /* Networking */,
				1A0255CB283A31C400BBB521 /* SceneDelegate.swift */,
				1A0255C9283A31C400BBB521 /* AppDelegate.swift */,
				1A025617283A64BB00BBB521 /* Observable.swift */,
				1A0255CF283A31C400BBB521 /* Main.storyboard */,
				1A0255D2283A31C600BBB521 /* Assets.xcassets */,
				1A0255D4283A31C600BBB521 /* LaunchScreen.storyboard */,
				1ACE599E284411D600A102C1 /* Answers to technical questions.md */,
				1ACE599D284411D600A102C1 /* README.md */,
				1A0255D7283A31C600BBB521 /* Info.plist */,
			);
			path = JustEat;
			sourceTree = "<group>";
		};
		1A0255DF283A31C600BBB521 /* JustEatTests */ = {
			isa = PBXGroup;
			children = (
				1ACE59942843F9AB00A102C1 /* IntegrationTests */,
				1ACE59932843F9A000A102C1 /* UnitTests */,
				1A02560C283A60A000BBB521 /* MockApi */,
			);
			path = JustEatTests;
			sourceTree = "<group>";
		};
		1A0255E9283A31C600BBB521 /* JustEatUITests */ = {
			isa = PBXGroup;
			children = (
				1A0255EA283A31C600BBB521 /* JustEatUITests.swift */,
				1A0255EC283A31C600BBB521 /* JustEatUITestsLaunchTests.swift */,
			);
			path = JustEatUITests;
			sourceTree = "<group>";
		};
		1A0255F9283A32FC00BBB521 /* Networking */ = {
			isa = PBXGroup;
			children = (
				1A025600283A4D5200BBB521 /* NetworkService */,
				1ACE59962843FAB200A102C1 /* Manager */,
				1A0255FC283A487700BBB521 /* Endpoint */,
			);
			path = Networking;
			sourceTree = "<group>";
		};
		1A0255FC283A487700BBB521 /* Endpoint */ = {
			isa = PBXGroup;
			children = (
				1A0255FF283A4CDD00BBB521 /* Router */,
				1A0255FA283A481E00BBB521 /* Endpoint.swift */,
				1A0255FD283A489000BBB521 /* JustEatEndpoint.swift */,
				1A025605283A5C2700BBB521 /* HttpMethod.swift */,
			);
			path = Endpoint;
			sourceTree = "<group>";
		};
		1A0255FF283A4CDD00BBB521 /* Router */ = {
			isa = PBXGroup;
			children = (
			);
			path = Router;
			sourceTree = "<group>";
		};
		1A025600283A4D5200BBB521 /* NetworkService */ = {
			isa = PBXGroup;
			children = (
				1A02561D283A6B4600BBB521 /* RestaurantNetworkService.swift */,
			);
			path = NetworkService;
			sourceTree = "<group>";
		};
		1A025607283A5CA800BBB521 /* RestaurantsList */ = {
			isa = PBXGroup;
			children = (
				1A02560A283A5DEA00BBB521 /* SearchByPostcode-ec4m.json */,
				1ACE598D2843BEF600A102C1 /* EmptyPostcode.json */,
				1ACE598F2843CC6D00A102C1 /* SearchResultError.json */,
				1ACE598B2843AA5100A102C1 /* RestaurantListVMTests.swift */,
				1ACE59912843E85400A102C1 /* RestaurantListVCTests.swift */,
			);
			path = RestaurantsList;
			sourceTree = "<group>";
		};
		1A02560C283A60A000BBB521 /* MockApi */ = {
			isa = PBXGroup;
			children = (
				1A02560D283A60C100BBB521 /* MockNetworkManager.swift */,
				1A025611283A640700BBB521 /* MockURLProtocol.swift */,
			);
			path = MockApi;
			sourceTree = "<group>";
		};
		1A025613283A643B00BBB521 /* Home */ = {
			isa = PBXGroup;
			children = (
				1A025614283A644600BBB521 /* RestaurantList */,
			);
			path = Home;
			sourceTree = "<group>";
		};
		1A025614283A644600BBB521 /* RestaurantList */ = {
			isa = PBXGroup;
			children = (
				1ACE59882843738800A102C1 /* Views */,
				1ACE5982284371C100A102C1 /* Models */,
				1A02561A283A66C100BBB521 /* ViewModel */,
			);
			path = RestaurantList;
			sourceTree = "<group>";
		};
		1A02561A283A66C100BBB521 /* ViewModel */ = {
			isa = PBXGroup;
			children = (
				1ACE598028436FF400A102C1 /* RestaurantListViewModelProtocol.swift */,
				1A025615283A646C00BBB521 /* RestaurantListViewModel.swift */,
			);
			path = ViewModel;
			sourceTree = "<group>";
		};
		1ACE5982284371C100A102C1 /* Models */ = {
			isa = PBXGroup;
			children = (
				1ACE5983284371D900A102C1 /* RestaurantList.swift */,
				1A025621283A726300BBB521 /* Restaurant.swift */,
				1ACE59892843A8D900A102C1 /* CuisineType.swift */,
			);
			path = Models;
			sourceTree = "<group>";
		};
		1ACE59882843738800A102C1 /* Views */ = {
			isa = PBXGroup;
			children = (
				1A0255CD283A31C400BBB521 /* RestaurantListViewController.swift */,
				1A73656D283A9A4C00425B94 /* RestaurantListCell.swift */,
			);
			path = Views;
			sourceTree = "<group>";
		};
		1ACE59932843F9A000A102C1 /* UnitTests */ = {
			isa = PBXGroup;
			children = (
				1A025607283A5CA800BBB521 /* RestaurantsList */,
			);
			path = UnitTests;
			sourceTree = "<group>";
		};
		1ACE59942843F9AB00A102C1 /* IntegrationTests */ = {
			isa = PBXGroup;
			children = (
				1ACE59952843F9DC00A102C1 /* RestaurantList */,
			);
			path = IntegrationTests;
			sourceTree = "<group>";
		};
		1ACE59952843F9DC00A102C1 /* RestaurantList */ = {
			isa = PBXGroup;
			children = (
				1ACE599B2843FF1300A102C1 /* RestaurantListVCIntegrationTest.swift */,
			);
			path = RestaurantList;
			sourceTree = "<group>";
		};
		1ACE59962843FAB200A102C1 /* Manager */ = {
			isa = PBXGroup;
			children = (
				1A025603283A516400BBB521 /* NetworkManager.swift */,
				1ACE59972843FAD000A102C1 /* NetworkLogger.swift */,
				1ACE59992843FB3400A102C1 /* NetworkError.swift */,
			);
			path = Manager;
			sourceTree = "<group>";
		};
/* End PBXGroup section */

/* Begin PBXNativeTarget section */
		1A0255C5283A31C400BBB521 /* JustEat */ = {
			isa = PBXNativeTarget;
			buildConfigurationList = 1A0255F0283A31C600BBB521 /* Build configuration list for PBXNativeTarget "JustEat" */;
			buildPhases = (
				1A025619283A650000BBB521 /* SwiftLint Run Script */,
				1A0255C2283A31C400BBB521 /* Sources */,
				1A0255C3283A31C400BBB521 /* Frameworks */,
				1A0255C4283A31C400BBB521 /* Resources */,
			);
			buildRules = (
			);
			dependencies = (
			);
			name = JustEat;
			packageProductDependencies = (
				1ACE59862843730E00A102C1 /* SDWebImage */,
			);
			productName = JustEat;
			productReference = 1A0255C6283A31C400BBB521 /* JustEat.app */;
			productType = "com.apple.product-type.application";
		};
		1A0255DB283A31C600BBB521 /* JustEatTests */ = {
			isa = PBXNativeTarget;
			buildConfigurationList = 1A0255F3283A31C600BBB521 /* Build configuration list for PBXNativeTarget "JustEatTests" */;
			buildPhases = (
				1A0255D8283A31C600BBB521 /* Sources */,
				1A0255D9283A31C600BBB521 /* Frameworks */,
				1A0255DA283A31C600BBB521 /* Resources */,
			);
			buildRules = (
			);
			dependencies = (
				1A0255DE283A31C600BBB521 /* PBXTargetDependency */,
			);
			name = JustEatTests;
			productName = JustEatTests;
			productReference = 1A0255DC283A31C600BBB521 /* JustEatTests.xctest */;
			productType = "com.apple.product-type.bundle.unit-test";
		};
		1A0255E5283A31C600BBB521 /* JustEatUITests */ = {
			isa = PBXNativeTarget;
			buildConfigurationList = 1A0255F6283A31C600BBB521 /* Build configuration list for PBXNativeTarget "JustEatUITests" */;
			buildPhases = (
				1A0255E2283A31C600BBB521 /* Sources */,
				1A0255E3283A31C600BBB521 /* Frameworks */,
				1A0255E4283A31C600BBB521 /* Resources */,
			);
			buildRules = (
			);
			dependencies = (
				1A0255E8283A31C600BBB521 /* PBXTargetDependency */,
			);
			name = JustEatUITests;
			productName = JustEatUITests;
			productReference = 1A0255E6283A31C600BBB521 /* JustEatUITests.xctest */;
			productType = "com.apple.product-type.bundle.ui-testing";
		};
/* End PBXNativeTarget section */

/* Begin PBXProject section */
		1A0255BE283A31C400BBB521 /* Project object */ = {
			isa = PBXProject;
			attributes = {
				BuildIndependentTargetsInParallel = 1;
				LastSwiftUpdateCheck = 1300;
				LastUpgradeCheck = 1300;
				TargetAttributes = {
					1A0255C5283A31C400BBB521 = {
						CreatedOnToolsVersion = 13.0;
					};
					1A0255DB283A31C600BBB521 = {
						CreatedOnToolsVersion = 13.0;
						TestTargetID = 1A0255C5283A31C400BBB521;
					};
					1A0255E5283A31C600BBB521 = {
						CreatedOnToolsVersion = 13.0;
						TestTargetID = 1A0255C5283A31C400BBB521;
					};
				};
			};
			buildConfigurationList = 1A0255C1283A31C400BBB521 /* Build configuration list for PBXProject "JustEat" */;
			compatibilityVersion = "Xcode 13.0";
			developmentRegion = en;
			hasScannedForEncodings = 0;
			knownRegions = (
				en,
				Base,
			);
			mainGroup = 1A0255BD283A31C400BBB521;
			packageReferences = (
				1ACE59852843730E00A102C1 /* XCRemoteSwiftPackageReference "SDWebImage" */,
			);
			productRefGroup = 1A0255C7283A31C400BBB521 /* Products */;
			projectDirPath = "";
			projectRoot = "";
			targets = (
				1A0255C5283A31C400BBB521 /* JustEat */,
				1A0255DB283A31C600BBB521 /* JustEatTests */,
				1A0255E5283A31C600BBB521 /* JustEatUITests */,
			);
		};
/* End PBXProject section */

/* Begin PBXResourcesBuildPhase section */
		1A0255C4283A31C400BBB521 /* Resources */ = {
			isa = PBXResourcesBuildPhase;
			buildActionMask = 2147483647;
			files = (
				1A0255D6283A31C600BBB521 /* LaunchScreen.storyboard in Resources */,
				1A0255D3283A31C600BBB521 /* Assets.xcassets in Resources */,
				1ACE599F284411D600A102C1 /* README.md in Resources */,
				1ACE59A0284411D600A102C1 /* Answers to technical questions.md in Resources */,
				1A0255D1283A31C400BBB521 /* Main.storyboard in Resources */,
			);
			runOnlyForDeploymentPostprocessing = 0;
		};
		1A0255DA283A31C600BBB521 /* Resources */ = {
			isa = PBXResourcesBuildPhase;
			buildActionMask = 2147483647;
			files = (
				1ACE59902843CC6D00A102C1 /* SearchResultError.json in Resources */,
				1ACE598E2843BEF600A102C1 /* EmptyPostcode.json in Resources */,
				1A02560B283A5DEA00BBB521 /* SearchByPostcode-ec4m.json in Resources */,
			);
			runOnlyForDeploymentPostprocessing = 0;
		};
		1A0255E4283A31C600BBB521 /* Resources */ = {
			isa = PBXResourcesBuildPhase;
			buildActionMask = 2147483647;
			files = (
			);
			runOnlyForDeploymentPostprocessing = 0;
		};
/* End PBXResourcesBuildPhase section */

/* Begin PBXShellScriptBuildPhase section */
		1A025619283A650000BBB521 /* SwiftLint Run Script */ = {
			isa = PBXShellScriptBuildPhase;
			buildActionMask = 2147483647;
			files = (
			);
			inputFileListPaths = (
			);
			inputPaths = (
			);
			name = "SwiftLint Run Script";
			outputFileListPaths = (
			);
			outputPaths = (
			);
			runOnlyForDeploymentPostprocessing = 0;
			shellPath = /bin/sh;
			shellScript = "# Type a script or drag a script file from your workspace to insert its path.\nif which swiftlint >/dev/null; then\n  swiftlint autocorrect && swiftlint # when we want to autocorrect as well.\n  #swiftlint # when we do not want autocorrect\nelse\n  echo \"warning: SwiftLint not installed, download from https://github.com/realm/SwiftLint\"\nfi\n";
		};
/* End PBXShellScriptBuildPhase section */

/* Begin PBXSourcesBuildPhase section */
		1A0255C2283A31C400BBB521 /* Sources */ = {
			isa = PBXSourcesBuildPhase;
			buildActionMask = 2147483647;
			files = (
				1A736571283AD84E00425B94 /* MockURLProtocol.swift in Sources */,
				1ACE598128436FF400A102C1 /* RestaurantListViewModelProtocol.swift in Sources */,
				1A73656E283A9A4C00425B94 /* RestaurantListCell.swift in Sources */,
				1A0255CE283A31C400BBB521 /* RestaurantListViewController.swift in Sources */,
				1A0255CA283A31C400BBB521 /* AppDelegate.swift in Sources */,
				1A0255FE283A489000BBB521 /* JustEatEndpoint.swift in Sources */,
				1ACE599A2843FB3400A102C1 /* NetworkError.swift in Sources */,
				1ACE598A2843A8D900A102C1 /* CuisineType.swift in Sources */,
				1A025604283A516400BBB521 /* NetworkManager.swift in Sources */,
				1ACE5984284371D900A102C1 /* RestaurantList.swift in Sources */,
				1A025616283A646C00BBB521 /* RestaurantListViewModel.swift in Sources */,
				1A025606283A5C2700BBB521 /* HttpMethod.swift in Sources */,
				1A025618283A64BB00BBB521 /* Observable.swift in Sources */,
				1ACE59982843FAD000A102C1 /* NetworkLogger.swift in Sources */,
				1A0255FB283A481E00BBB521 /* Endpoint.swift in Sources */,
				1A02561E283A6B4600BBB521 /* RestaurantNetworkService.swift in Sources */,
				1A025622283A726300BBB521 /* Restaurant.swift in Sources */,
				1A0255CC283A31C400BBB521 /* SceneDelegate.swift in Sources */,
			);
			runOnlyForDeploymentPostprocessing = 0;
		};
		1A0255D8283A31C600BBB521 /* Sources */ = {
			isa = PBXSourcesBuildPhase;
			buildActionMask = 2147483647;
			files = (
				1A02560E283A60C100BBB521 /* MockNetworkManager.swift in Sources */,
				1ACE598C2843AA5100A102C1 /* RestaurantListVMTests.swift in Sources */,
				1ACE599C2843FF1300A102C1 /* RestaurantListVCIntegrationTest.swift in Sources */,
				1ACE59922843E85400A102C1 /* RestaurantListVCTests.swift in Sources */,
				1A025612283A640700BBB521 /* MockURLProtocol.swift in Sources */,
			);
			runOnlyForDeploymentPostprocessing = 0;
		};
		1A0255E2283A31C600BBB521 /* Sources */ = {
			isa = PBXSourcesBuildPhase;
			buildActionMask = 2147483647;
			files = (
				1A0255EB283A31C600BBB521 /* JustEatUITests.swift in Sources */,
				1A0255ED283A31C600BBB521 /* JustEatUITestsLaunchTests.swift in Sources */,
			);
			runOnlyForDeploymentPostprocessing = 0;
		};
/* End PBXSourcesBuildPhase section */

/* Begin PBXTargetDependency section */
		1A0255DE283A31C600BBB521 /* PBXTargetDependency */ = {
			isa = PBXTargetDependency;
			target = 1A0255C5283A31C400BBB521 /* JustEat */;
			targetProxy = 1A0255DD283A31C600BBB521 /* PBXContainerItemProxy */;
		};
		1A0255E8283A31C600BBB521 /* PBXTargetDependency */ = {
			isa = PBXTargetDependency;
			target = 1A0255C5283A31C400BBB521 /* JustEat */;
			targetProxy = 1A0255E7283A31C600BBB521 /* PBXContainerItemProxy */;
		};
/* End PBXTargetDependency section */

/* Begin PBXVariantGroup section */
		1A0255CF283A31C400BBB521 /* Main.storyboard */ = {
			isa = PBXVariantGroup;
			children = (
				1A0255D0283A31C400BBB521 /* Base */,
			);
			name = Main.storyboard;
			sourceTree = "<group>";
		};
		1A0255D4283A31C600BBB521 /* LaunchScreen.storyboard */ = {
			isa = PBXVariantGroup;
			children = (
				1A0255D5283A31C600BBB521 /* Base */,
			);
			name = LaunchScreen.storyboard;
			sourceTree = "<group>";
		};
/* End PBXVariantGroup section */

/* Begin XCBuildConfiguration section */
		1A0255EE283A31C600BBB521 /* Debug */ = {
			isa = XCBuildConfiguration;
			buildSettings = {
				ALWAYS_SEARCH_USER_PATHS = NO;
				CLANG_ANALYZER_NONNULL = YES;
				CLANG_ANALYZER_NUMBER_OBJECT_CONVERSION = YES_AGGRESSIVE;
				CLANG_CXX_LANGUAGE_STANDARD = "gnu++17";
				CLANG_CXX_LIBRARY = "libc++";
				CLANG_ENABLE_MODULES = YES;
				CLANG_ENABLE_OBJC_ARC = YES;
				CLANG_ENABLE_OBJC_WEAK = YES;
				CLANG_WARN_BLOCK_CAPTURE_AUTORELEASING = YES;
				CLANG_WARN_BOOL_CONVERSION = YES;
				CLANG_WARN_COMMA = YES;
				CLANG_WARN_CONSTANT_CONVERSION = YES;
				CLANG_WARN_DEPRECATED_OBJC_IMPLEMENTATIONS = YES;
				CLANG_WARN_DIRECT_OBJC_ISA_USAGE = YES_ERROR;
				CLANG_WARN_DOCUMENTATION_COMMENTS = YES;
				CLANG_WARN_EMPTY_BODY = YES;
				CLANG_WARN_ENUM_CONVERSION = YES;
				CLANG_WARN_INFINITE_RECURSION = YES;
				CLANG_WARN_INT_CONVERSION = YES;
				CLANG_WARN_NON_LITERAL_NULL_CONVERSION = YES;
				CLANG_WARN_OBJC_IMPLICIT_RETAIN_SELF = YES;
				CLANG_WARN_OBJC_LITERAL_CONVERSION = YES;
				CLANG_WARN_OBJC_ROOT_CLASS = YES_ERROR;
				CLANG_WARN_QUOTED_INCLUDE_IN_FRAMEWORK_HEADER = YES;
				CLANG_WARN_RANGE_LOOP_ANALYSIS = YES;
				CLANG_WARN_STRICT_PROTOTYPES = YES;
				CLANG_WARN_SUSPICIOUS_MOVE = YES;
				CLANG_WARN_UNGUARDED_AVAILABILITY = YES_AGGRESSIVE;
				CLANG_WARN_UNREACHABLE_CODE = YES;
				CLANG_WARN__DUPLICATE_METHOD_MATCH = YES;
				COPY_PHASE_STRIP = NO;
				DEBUG_INFORMATION_FORMAT = dwarf;
				ENABLE_STRICT_OBJC_MSGSEND = YES;
				ENABLE_TESTABILITY = YES;
				GCC_C_LANGUAGE_STANDARD = gnu11;
				GCC_DYNAMIC_NO_PIC = NO;
				GCC_NO_COMMON_BLOCKS = YES;
				GCC_OPTIMIZATION_LEVEL = 0;
				GCC_PREPROCESSOR_DEFINITIONS = (
					"DEBUG=1",
					"$(inherited)",
				);
				GCC_WARN_64_TO_32_BIT_CONVERSION = YES;
				GCC_WARN_ABOUT_RETURN_TYPE = YES_ERROR;
				GCC_WARN_UNDECLARED_SELECTOR = YES;
				GCC_WARN_UNINITIALIZED_AUTOS = YES_AGGRESSIVE;
				GCC_WARN_UNUSED_FUNCTION = YES;
				GCC_WARN_UNUSED_VARIABLE = YES;
				IPHONEOS_DEPLOYMENT_TARGET = 15.0;
				MTL_ENABLE_DEBUG_INFO = INCLUDE_SOURCE;
				MTL_FAST_MATH = YES;
				ONLY_ACTIVE_ARCH = YES;
				SDKROOT = iphoneos;
				SWIFT_ACTIVE_COMPILATION_CONDITIONS = DEBUG;
				SWIFT_OPTIMIZATION_LEVEL = "-Onone";
			};
			name = Debug;
		};
		1A0255EF283A31C600BBB521 /* Release */ = {
			isa = XCBuildConfiguration;
			buildSettings = {
				ALWAYS_SEARCH_USER_PATHS = NO;
				CLANG_ANALYZER_NONNULL = YES;
				CLANG_ANALYZER_NUMBER_OBJECT_CONVERSION = YES_AGGRESSIVE;
				CLANG_CXX_LANGUAGE_STANDARD = "gnu++17";
				CLANG_CXX_LIBRARY = "libc++";
				CLANG_ENABLE_MODULES = YES;
				CLANG_ENABLE_OBJC_ARC = YES;
				CLANG_ENABLE_OBJC_WEAK = YES;
				CLANG_WARN_BLOCK_CAPTURE_AUTORELEASING = YES;
				CLANG_WARN_BOOL_CONVERSION = YES;
				CLANG_WARN_COMMA = YES;
				CLANG_WARN_CONSTANT_CONVERSION = YES;
				CLANG_WARN_DEPRECATED_OBJC_IMPLEMENTATIONS = YES;
				CLANG_WARN_DIRECT_OBJC_ISA_USAGE = YES_ERROR;
				CLANG_WARN_DOCUMENTATION_COMMENTS = YES;
				CLANG_WARN_EMPTY_BODY = YES;
				CLANG_WARN_ENUM_CONVERSION = YES;
				CLANG_WARN_INFINITE_RECURSION = YES;
				CLANG_WARN_INT_CONVERSION = YES;
				CLANG_WARN_NON_LITERAL_NULL_CONVERSION = YES;
				CLANG_WARN_OBJC_IMPLICIT_RETAIN_SELF = YES;
				CLANG_WARN_OBJC_LITERAL_CONVERSION = YES;
				CLANG_WARN_OBJC_ROOT_CLASS = YES_ERROR;
				CLANG_WARN_QUOTED_INCLUDE_IN_FRAMEWORK_HEADER = YES;
				CLANG_WARN_RANGE_LOOP_ANALYSIS = YES;
				CLANG_WARN_STRICT_PROTOTYPES = YES;
				CLANG_WARN_SUSPICIOUS_MOVE = YES;
				CLANG_WARN_UNGUARDED_AVAILABILITY = YES_AGGRESSIVE;
				CLANG_WARN_UNREACHABLE_CODE = YES;
				CLANG_WARN__DUPLICATE_METHOD_MATCH = YES;
				COPY_PHASE_STRIP = NO;
				DEBUG_INFORMATION_FORMAT = "dwarf-with-dsym";
				ENABLE_NS_ASSERTIONS = NO;
				ENABLE_STRICT_OBJC_MSGSEND = YES;
				GCC_C_LANGUAGE_STANDARD = gnu11;
				GCC_NO_COMMON_BLOCKS = YES;
				GCC_WARN_64_TO_32_BIT_CONVERSION = YES;
				GCC_WARN_ABOUT_RETURN_TYPE = YES_ERROR;
				GCC_WARN_UNDECLARED_SELECTOR = YES;
				GCC_WARN_UNINITIALIZED_AUTOS = YES_AGGRESSIVE;
				GCC_WARN_UNUSED_FUNCTION = YES;
				GCC_WARN_UNUSED_VARIABLE = YES;
				IPHONEOS_DEPLOYMENT_TARGET = 15.0;
				MTL_ENABLE_DEBUG_INFO = NO;
				MTL_FAST_MATH = YES;
				SDKROOT = iphoneos;
				SWIFT_COMPILATION_MODE = wholemodule;
				SWIFT_OPTIMIZATION_LEVEL = "-O";
				VALIDATE_PRODUCT = YES;
			};
			name = Release;
		};
		1A0255F1283A31C600BBB521 /* Debug */ = {
			isa = XCBuildConfiguration;
			buildSettings = {
				ASSETCATALOG_COMPILER_APPICON_NAME = AppIcon;
				ASSETCATALOG_COMPILER_GLOBAL_ACCENT_COLOR_NAME = AccentColor;
				CODE_SIGN_STYLE = Automatic;
				CURRENT_PROJECT_VERSION = 1;
				GENERATE_INFOPLIST_FILE = YES;
				INFOPLIST_FILE = JustEat/Info.plist;
				INFOPLIST_KEY_UIApplicationSupportsIndirectInputEvents = YES;
				INFOPLIST_KEY_UILaunchStoryboardName = LaunchScreen;
				INFOPLIST_KEY_UIMainStoryboardFile = Main;
				INFOPLIST_KEY_UISupportedInterfaceOrientations_iPad = "UIInterfaceOrientationPortrait UIInterfaceOrientationPortraitUpsideDown UIInterfaceOrientationLandscapeLeft UIInterfaceOrientationLandscapeRight";
				INFOPLIST_KEY_UISupportedInterfaceOrientations_iPhone = "UIInterfaceOrientationPortrait UIInterfaceOrientationLandscapeLeft UIInterfaceOrientationLandscapeRight";
				LD_RUNPATH_SEARCH_PATHS = (
					"$(inherited)",
					"@executable_path/Frameworks",
				);
				MARKETING_VERSION = 1.0;
				PRODUCT_BUNDLE_IDENTIFIER = com.haiga.JustEat;
				PRODUCT_NAME = "$(TARGET_NAME)";
				SWIFT_EMIT_LOC_STRINGS = YES;
				SWIFT_VERSION = 5.0;
				TARGETED_DEVICE_FAMILY = 1;
			};
			name = Debug;
		};
		1A0255F2283A31C600BBB521 /* Release */ = {
			isa = XCBuildConfiguration;
			buildSettings = {
				ASSETCATALOG_COMPILER_APPICON_NAME = AppIcon;
				ASSETCATALOG_COMPILER_GLOBAL_ACCENT_COLOR_NAME = AccentColor;
				CODE_SIGN_STYLE = Automatic;
				CURRENT_PROJECT_VERSION = 1;
				GENERATE_INFOPLIST_FILE = YES;
				INFOPLIST_FILE = JustEat/Info.plist;
				INFOPLIST_KEY_UIApplicationSupportsIndirectInputEvents = YES;
				INFOPLIST_KEY_UILaunchStoryboardName = LaunchScreen;
				INFOPLIST_KEY_UIMainStoryboardFile = Main;
				INFOPLIST_KEY_UISupportedInterfaceOrientations_iPad = "UIInterfaceOrientationPortrait UIInterfaceOrientationPortraitUpsideDown UIInterfaceOrientationLandscapeLeft UIInterfaceOrientationLandscapeRight";
				INFOPLIST_KEY_UISupportedInterfaceOrientations_iPhone = "UIInterfaceOrientationPortrait UIInterfaceOrientationLandscapeLeft UIInterfaceOrientationLandscapeRight";
				LD_RUNPATH_SEARCH_PATHS = (
					"$(inherited)",
					"@executable_path/Frameworks",
				);
				MARKETING_VERSION = 1.0;
				PRODUCT_BUNDLE_IDENTIFIER = com.haiga.JustEat;
				PRODUCT_NAME = "$(TARGET_NAME)";
				SWIFT_EMIT_LOC_STRINGS = YES;
				SWIFT_VERSION = 5.0;
				TARGETED_DEVICE_FAMILY = 1;
			};
			name = Release;
		};
		1A0255F4283A31C600BBB521 /* Debug */ = {
			isa = XCBuildConfiguration;
			buildSettings = {
				ALWAYS_EMBED_SWIFT_STANDARD_LIBRARIES = YES;
				BUNDLE_LOADER = "$(TEST_HOST)";
				CODE_SIGN_STYLE = Automatic;
				CURRENT_PROJECT_VERSION = 1;
				GENERATE_INFOPLIST_FILE = YES;
				IPHONEOS_DEPLOYMENT_TARGET = 15.0;
				LD_RUNPATH_SEARCH_PATHS = (
					"$(inherited)",
					"@executable_path/Frameworks",
					"@loader_path/Frameworks",
				);
				MARKETING_VERSION = 1.0;
				PRODUCT_BUNDLE_IDENTIFIER = com.haiga.JustEatTests;
				PRODUCT_NAME = "$(TARGET_NAME)";
				SWIFT_EMIT_LOC_STRINGS = NO;
				SWIFT_VERSION = 5.0;
				TARGETED_DEVICE_FAMILY = "1,2";
				TEST_HOST = "$(BUILT_PRODUCTS_DIR)/JustEat.app/JustEat";
			};
			name = Debug;
		};
		1A0255F5283A31C600BBB521 /* Release */ = {
			isa = XCBuildConfiguration;
			buildSettings = {
				ALWAYS_EMBED_SWIFT_STANDARD_LIBRARIES = YES;
				BUNDLE_LOADER = "$(TEST_HOST)";
				CODE_SIGN_STYLE = Automatic;
				CURRENT_PROJECT_VERSION = 1;
				GENERATE_INFOPLIST_FILE = YES;
				IPHONEOS_DEPLOYMENT_TARGET = 15.0;
				LD_RUNPATH_SEARCH_PATHS = (
					"$(inherited)",
					"@executable_path/Frameworks",
					"@loader_path/Frameworks",
				);
				MARKETING_VERSION = 1.0;
				PRODUCT_BUNDLE_IDENTIFIER = com.haiga.JustEatTests;
				PRODUCT_NAME = "$(TARGET_NAME)";
				SWIFT_EMIT_LOC_STRINGS = NO;
				SWIFT_VERSION = 5.0;
				TARGETED_DEVICE_FAMILY = "1,2";
				TEST_HOST = "$(BUILT_PRODUCTS_DIR)/JustEat.app/JustEat";
			};
			name = Release;
		};
		1A0255F7283A31C600BBB521 /* Debug */ = {
			isa = XCBuildConfiguration;
			buildSettings = {
				ALWAYS_EMBED_SWIFT_STANDARD_LIBRARIES = YES;
				CODE_SIGN_STYLE = Automatic;
				CURRENT_PROJECT_VERSION = 1;
				GENERATE_INFOPLIST_FILE = YES;
				LD_RUNPATH_SEARCH_PATHS = (
					"$(inherited)",
					"@executable_path/Frameworks",
					"@loader_path/Frameworks",
				);
				MARKETING_VERSION = 1.0;
				PRODUCT_BUNDLE_IDENTIFIER = com.haiga.JustEatUITests;
				PRODUCT_NAME = "$(TARGET_NAME)";
				SWIFT_EMIT_LOC_STRINGS = NO;
				SWIFT_VERSION = 5.0;
				TARGETED_DEVICE_FAMILY = "1,2";
				TEST_TARGET_NAME = JustEat;
			};
			name = Debug;
		};
		1A0255F8283A31C600BBB521 /* Release */ = {
			isa = XCBuildConfiguration;
			buildSettings = {
				ALWAYS_EMBED_SWIFT_STANDARD_LIBRARIES = YES;
				CODE_SIGN_STYLE = Automatic;
				CURRENT_PROJECT_VERSION = 1;
				GENERATE_INFOPLIST_FILE = YES;
				LD_RUNPATH_SEARCH_PATHS = (
					"$(inherited)",
					"@executable_path/Frameworks",
					"@loader_path/Frameworks",
				);
				MARKETING_VERSION = 1.0;
				PRODUCT_BUNDLE_IDENTIFIER = com.haiga.JustEatUITests;
				PRODUCT_NAME = "$(TARGET_NAME)";
				SWIFT_EMIT_LOC_STRINGS = NO;
				SWIFT_VERSION = 5.0;
				TARGETED_DEVICE_FAMILY = "1,2";
				TEST_TARGET_NAME = JustEat;
			};
			name = Release;
		};
/* End XCBuildConfiguration section */

/* Begin XCConfigurationList section */
		1A0255C1283A31C400BBB521 /* Build configuration list for PBXProject "JustEat" */ = {
			isa = XCConfigurationList;
			buildConfigurations = (
				1A0255EE283A31C600BBB521 /* Debug */,
				1A0255EF283A31C600BBB521 /* Release */,
			);
			defaultConfigurationIsVisible = 0;
			defaultConfigurationName = Release;
		};
		1A0255F0283A31C600BBB521 /* Build configuration list for PBXNativeTarget "JustEat" */ = {
			isa = XCConfigurationList;
			buildConfigurations = (
				1A0255F1283A31C600BBB521 /* Debug */,
				1A0255F2283A31C600BBB521 /* Release */,
			);
			defaultConfigurationIsVisible = 0;
			defaultConfigurationName = Release;
		};
		1A0255F3283A31C600BBB521 /* Build configuration list for PBXNativeTarget "JustEatTests" */ = {
			isa = XCConfigurationList;
			buildConfigurations = (
				1A0255F4283A31C600BBB521 /* Debug */,
				1A0255F5283A31C600BBB521 /* Release */,
			);
			defaultConfigurationIsVisible = 0;
			defaultConfigurationName = Release;
		};
		1A0255F6283A31C600BBB521 /* Build configuration list for PBXNativeTarget "JustEatUITests" */ = {
			isa = XCConfigurationList;
			buildConfigurations = (
				1A0255F7283A31C600BBB521 /* Debug */,
				1A0255F8283A31C600BBB521 /* Release */,
			);
			defaultConfigurationIsVisible = 0;
			defaultConfigurationName = Release;
		};
/* End XCConfigurationList section */

/* Begin XCRemoteSwiftPackageReference section */
		1ACE59852843730E00A102C1 /* XCRemoteSwiftPackageReference "SDWebImage" */ = {
			isa = XCRemoteSwiftPackageReference;
			repositoryURL = "https://github.com/SDWebImage/SDWebImage.git";
			requirement = {
				kind = upToNextMinorVersion;
				minimumVersion = 5.9.0;
			};
		};
/* End XCRemoteSwiftPackageReference section */

/* Begin XCSwiftPackageProductDependency section */
		1ACE59862843730E00A102C1 /* SDWebImage */ = {
			isa = XCSwiftPackageProductDependency;
			package = 1ACE59852843730E00A102C1 /* XCRemoteSwiftPackageReference "SDWebImage" */;
			productName = SDWebImage;
		};
/* End XCSwiftPackageProductDependency section */
	};
	rootObject = 1A0255BE283A31C400BBB521 /* Project object */;
}
